
Microsoft Visual Studio Solution File, Format Version 12.00
# Visual Studio Version 17
VisualStudioVersion = 17.3.32819.101
MinimumVisualStudioVersion = 10.0.40219.1
Project("{FAE04EC0-301F-11D3-BF4B-00C04F79EFBC}") = "Project2-32210310", "Project2-32210310\Project2-32210310.csproj", "{C5BFCB4E-F69F-46E3-8607-7DC3E22C6552}"
EndProject
Global
	GlobalSection(SolutionConfigurationPlatforms) = preSolution
		Debug|Any CPU = Debug|Any CPU
		Release|Any CPU = Release|Any CPU
	EndGlobalSection
	GlobalSection(ProjectConfigurationPlatforms) = postSolution
		{C5BFCB4E-F69F-46E3-8607-7DC3E22C6552}.Debug|Any CPU.ActiveCfg = Debug|Any CPU
		{C5BFCB4E-F69F-46E3-8607-7DC3E22C6552}.Debug|Any CPU.Build.0 = Debug|Any CPU
		{C5BFCB4E-F69F-46E3-8607-7DC3E22C6552}.Release|Any CPU.ActiveCfg = Release|Any CPU
		{C5BFCB4E-F69F-46E3-8607-7DC3E22C6552}.Release|Any CPU.Build.0 = Release|Any CPU
	EndGlobalSection
	GlobalSection(SolutionProperties) = preSolution
		HideSolutionNode = FALSE
	EndGlobalSection
	GlobalSection(ExtensibilityGlobals) = postSolution
		SolutionGuid = {3378669C-D3DC-442F-9A98-E98301CF5A16}
	EndGlobalSection
EndGlobal
